
Microsoft Visual Studio Solution File, Format Version 12.00
# Visual Studio Version 16
VisualStudioVersion = 16.6.30114.105
MinimumVisualStudioVersion = 10.0.40219.1
Project("{FAE04EC0-301F-11D3-BF4B-00C04F79EFBC}") = "keyvault.obo", "backend\keyvault.obo.csproj", "{F8B43E6C-1CD8-4AB1-AED4-354FF9104E4F}"
EndProject
Project("{FAE04EC0-301F-11D3-BF4B-00C04F79EFBC}") = "keyvault", "frontend\keyvault.csproj", "{04C6AF2E-935A-4093-8B2B-ABB86E6E5E54}"
EndProject
Global
	GlobalSection(SolutionConfigurationPlatforms) = preSolution
		Debug|Any CPU = Debug|Any CPU
		Debug|x64 = Debug|x64
		Debug|x86 = Debug|x86
		Release|Any CPU = Release|Any CPU
		Release|x64 = Release|x64
		Release|x86 = Release|x86
	EndGlobalSection
	GlobalSection(SolutionProperties) = preSolution
		HideSolutionNode = FALSE
	EndGlobalSection
	GlobalSection(ProjectConfigurationPlatforms) = postSolution
		{F8B43E6C-1CD8-4AB1-AED4-354FF9104E4F}.Debug|Any CPU.ActiveCfg = Debug|Any CPU
		{F8B43E6C-1CD8-4AB1-AED4-354FF9104E4F}.Debug|Any CPU.Build.0 = Debug|Any CPU
		{F8B43E6C-1CD8-4AB1-AED4-354FF9104E4F}.Debug|x64.ActiveCfg = Debug|Any CPU
		{F8B43E6C-1CD8-4AB1-AED4-354FF9104E4F}.Debug|x64.Build.0 = Debug|Any CPU
		{F8B43E6C-1CD8-4AB1-AED4-354FF9104E4F}.Debug|x86.ActiveCfg = Debug|Any CPU
		{F8B43E6C-1CD8-4AB1-AED4-354FF9104E4F}.Debug|x86.Build.0 = Debug|Any CPU
		{F8B43E6C-1CD8-4AB1-AED4-354FF9104E4F}.Release|Any CPU.ActiveCfg = Release|Any CPU
		{F8B43E6C-1CD8-4AB1-AED4-354FF9104E4F}.Release|Any CPU.Build.0 = Release|Any CPU
		{F8B43E6C-1CD8-4AB1-AED4-354FF9104E4F}.Release|x64.ActiveCfg = Release|Any CPU
		{F8B43E6C-1CD8-4AB1-AED4-354FF9104E4F}.Release|x64.Build.0 = Release|Any CPU
		{F8B43E6C-1CD8-4AB1-AED4-354FF9104E4F}.Release|x86.ActiveCfg = Release|Any CPU
		{F8B43E6C-1CD8-4AB1-AED4-354FF9104E4F}.Release|x86.Build.0 = Release|Any CPU
		{04C6AF2E-935A-4093-8B2B-ABB86E6E5E54}.Debug|Any CPU.ActiveCfg = Debug|Any CPU
		{04C6AF2E-935A-4093-8B2B-ABB86E6E5E54}.Debug|Any CPU.Build.0 = Debug|Any CPU
		{04C6AF2E-935A-4093-8B2B-ABB86E6E5E54}.Debug|x64.ActiveCfg = Debug|Any CPU
		{04C6AF2E-935A-4093-8B2B-ABB86E6E5E54}.Debug|x64.Build.0 = Debug|Any CPU
		{04C6AF2E-935A-4093-8B2B-ABB86E6E5E54}.Debug|x86.ActiveCfg = Debug|Any CPU
		{04C6AF2E-935A-4093-8B2B-ABB86E6E5E54}.Debug|x86.Build.0 = Debug|Any CPU
		{04C6AF2E-935A-4093-8B2B-ABB86E6E5E54}.Release|Any CPU.ActiveCfg = Release|Any CPU
		{04C6AF2E-935A-4093-8B2B-ABB86E6E5E54}.Release|Any CPU.Build.0 = Release|Any CPU
		{04C6AF2E-935A-4093-8B2B-ABB86E6E5E54}.Release|x64.ActiveCfg = Release|Any CPU
		{04C6AF2E-935A-4093-8B2B-ABB86E6E5E54}.Release|x64.Build.0 = Release|Any CPU
		{04C6AF2E-935A-4093-8B2B-ABB86E6E5E54}.Release|x86.ActiveCfg = Release|Any CPU
		{04C6AF2E-935A-4093-8B2B-ABB86E6E5E54}.Release|x86.Build.0 = Release|Any CPU
	EndGlobalSection
EndGlobal
